{
  "name": "fib",
  "version": "2.0.8",
  "lockfileVersion": 3,
  "requires": true,
  "packages": {
    "": {
      "name": "fib",
      "version": "2.0.8",
      "license": "ISC",
      "dependencies": {
        "bootstrap-sdk": "file:../bootstrap-sdk"
      }
    },
    "../bootstrap-sdk": {
      "version": "1.0.0",
      "license": "MIT",
      "devDependencies": {
        "@types/node": "^20.8.10"
      }
    },
    "node_modules/bootstrap-sdk": {
      "resolved": "../bootstrap-sdk",
      "link": true
    }
  }
}
