{
  "name": "symmetrical-waffle",
  "version": "1.0.0",
  "lockfileVersion": 3,
  "requires": true,
  "packages": {
    "packages": {
      "version": "1.0.0",
      "license": "ISC"
    },
    "": {
      "name": "symmetrical-waffle",
      "version": "1.0.0",
      "license": "ISC",
      "workspaces": [
        "packages/sumFrom"
      ]
    },
    "node_modules/sumoff": {
      "resolved": "packages/sumFrom",
      "link": true
    },
    "packages/sumFrom": {
      "version": "1.0.0",
      "license": "ISC"
    }
  }
}
